
Microsoft Visual Studio Solution File, Format Version 12.00
# Visual Studio 15
VisualStudioVersion = 15.0.27428.2005
MinimumVisualStudioVersion = 10.0.40219.1
Project("{FAE04EC0-301F-11D3-BF4B-00C04F79EFBC}") = "KDB-Dash", "KDB-Dash\KDB-Dash.csproj", "{A6D48911-C054-4B4D-A994-0B5DB1CD0B83}"
EndProject
Global
	GlobalSection(SolutionConfigurationPlatforms) = preSolution
		Debug|Any CPU = Debug|Any CPU
		Release|Any CPU = Release|Any CPU
	EndGlobalSection
	GlobalSection(ProjectConfigurationPlatforms) = postSolution
		{A6D48911-C054-4B4D-A994-0B5DB1CD0B83}.Debug|Any CPU.ActiveCfg = Debug|Any CPU
		{A6D48911-C054-4B4D-A994-0B5DB1CD0B83}.Debug|Any CPU.Build.0 = Debug|Any CPU
		{A6D48911-C054-4B4D-A994-0B5DB1CD0B83}.Release|Any CPU.ActiveCfg = Release|Any CPU
		{A6D48911-C054-4B4D-A994-0B5DB1CD0B83}.Release|Any CPU.Build.0 = Release|Any CPU
	EndGlobalSection
	GlobalSection(SolutionProperties) = preSolution
		HideSolutionNode = FALSE
	EndGlobalSection
	GlobalSection(ExtensibilityGlobals) = postSolution
		SolutionGuid = {B3971B4A-2EBA-4A7D-B988-D636654AF9DF}
	EndGlobalSection
EndGlobal
